
Microsoft Visual Studio Solution File, Format Version 12.00
# Visual Studio Version 16
VisualStudioVersion = 16.0.30621.155
MinimumVisualStudioVersion = 10.0.40219.1
Project("{FAE04EC0-301F-11D3-BF4B-00C04F79EFBC}") = "Klient", "Klient.csproj", "{CAE1A067-9F3E-4714-870D-8D9FFF1D87CA}"
EndProject
Global
	GlobalSection(SolutionConfigurationPlatforms) = preSolution
		Debug|Any CPU = Debug|Any CPU
		Release|Any CPU = Release|Any CPU
	EndGlobalSection
	GlobalSection(ProjectConfigurationPlatforms) = postSolution
		{CAE1A067-9F3E-4714-870D-8D9FFF1D87CA}.Debug|Any CPU.ActiveCfg = Debug|Any CPU
		{CAE1A067-9F3E-4714-870D-8D9FFF1D87CA}.Debug|Any CPU.Build.0 = Debug|Any CPU
		{CAE1A067-9F3E-4714-870D-8D9FFF1D87CA}.Release|Any CPU.ActiveCfg = Release|Any CPU
		{CAE1A067-9F3E-4714-870D-8D9FFF1D87CA}.Release|Any CPU.Build.0 = Release|Any CPU
	EndGlobalSection
	GlobalSection(SolutionProperties) = preSolution
		HideSolutionNode = FALSE
	EndGlobalSection
	GlobalSection(ExtensibilityGlobals) = postSolution
		SolutionGuid = {C4FAF88A-96D9-457D-9F33-CF4986102F75}
	EndGlobalSection
EndGlobal
